
Microsoft Visual Studio Solution File, Format Version 12.00
# Visual Studio Version 17
VisualStudioVersion = 17.8.34525.116
MinimumVisualStudioVersion = 10.0.40219.1
Project("{9A19103F-16F7-4668-BE54-9A1E7A4F7556}") = "Da.Multigest.API", "Da.Multigest.API\Da.Multigest.API.csproj", "{64B0779F-6251-440A-BA06-370A02AB96DC}"
EndProject
Project("{FAE04EC0-301F-11D3-BF4B-00C04F79EFBC}") = "SharedClassLibrary", "SharedClassLibrary\SharedClassLibrary.csproj", "{148C4F0D-D603-4AA6-9EAE-51EA6240030D}"
EndProject
Global
	GlobalSection(SolutionConfigurationPlatforms) = preSolution
		Debug|Any CPU = Debug|Any CPU
		Release|Any CPU = Release|Any CPU
	EndGlobalSection
	GlobalSection(ProjectConfigurationPlatforms) = postSolution
		{64B0779F-6251-440A-BA06-370A02AB96DC}.Debug|Any CPU.ActiveCfg = Debug|Any CPU
		{64B0779F-6251-440A-BA06-370A02AB96DC}.Debug|Any CPU.Build.0 = Debug|Any CPU
		{64B0779F-6251-440A-BA06-370A02AB96DC}.Release|Any CPU.ActiveCfg = Release|Any CPU
		{64B0779F-6251-440A-BA06-370A02AB96DC}.Release|Any CPU.Build.0 = Release|Any CPU
		{148C4F0D-D603-4AA6-9EAE-51EA6240030D}.Debug|Any CPU.ActiveCfg = Debug|Any CPU
		{148C4F0D-D603-4AA6-9EAE-51EA6240030D}.Debug|Any CPU.Build.0 = Debug|Any CPU
		{148C4F0D-D603-4AA6-9EAE-51EA6240030D}.Release|Any CPU.ActiveCfg = Release|Any CPU
		{148C4F0D-D603-4AA6-9EAE-51EA6240030D}.Release|Any CPU.Build.0 = Release|Any CPU
	EndGlobalSection
	GlobalSection(SolutionProperties) = preSolution
		HideSolutionNode = FALSE
	EndGlobalSection
	GlobalSection(ExtensibilityGlobals) = postSolution
		SolutionGuid = {874A97A7-0A77-4655-8559-27386C279026}
	EndGlobalSection
EndGlobal
